
Microsoft Visual Studio Solution File, Format Version 12.00
# Visual Studio Version 17
VisualStudioVersion = 17.6.33829.357
MinimumVisualStudioVersion = 10.0.40219.1
Project("{9A19103F-16F7-4668-BE54-9A1E7A4F7556}") = "Lab1_4.10.2023", "Laboratorium 1 4-10-2023\Lab1_4.10.2023.csproj", "{DE10BC32-183F-4E9E-8773-1CABE89F908C}"
EndProject
Project("{9A19103F-16F7-4668-BE54-9A1E7A4F7556}") = "Lab2_11.10.2023", "Lab2\Lab2_11.10.2023.csproj", "{8BA24219-23CF-4002-8BC7-40E7CA4D0920}"
EndProject
Project("{9A19103F-16F7-4668-BE54-9A1E7A4F7556}") = "Lab3 A", "Lab3 A\Lab3 A.csproj", "{9ABB89E6-FBD5-4F04-8841-F2B7F7178B37}"
EndProject
Project("{9A19103F-16F7-4668-BE54-9A1E7A4F7556}") = "Lab3_B", "Lab3_B\Lab3_B.csproj", "{E87428AC-BC16-4907-978B-0349627BE105}"
EndProject
Project("{9A19103F-16F7-4668-BE54-9A1E7A4F7556}") = "Post", "Post\Post.csproj", "{2E94D07B-BD8D-4179-87BB-7BB806FEDF7F}"
EndProject
Project("{FAE04EC0-301F-11D3-BF4B-00C04F79EFBC}") = "Lab5", "Lab5\Lab5.csproj", "{B428F4CA-B02E-4B8B-97B9-BFF3AF845027}"
EndProject
Project("{FAE04EC0-301F-11D3-BF4B-00C04F79EFBC}") = "DataForLab5", "DataForLab5\DataForLab5.csproj", "{F831D675-0481-464D-A1BA-E57519E9B640}"
EndProject
Global
	GlobalSection(SolutionConfigurationPlatforms) = preSolution
		Debug|Any CPU = Debug|Any CPU
		Release|Any CPU = Release|Any CPU
	EndGlobalSection
	GlobalSection(ProjectConfigurationPlatforms) = postSolution
		{DE10BC32-183F-4E9E-8773-1CABE89F908C}.Debug|Any CPU.ActiveCfg = Debug|Any CPU
		{DE10BC32-183F-4E9E-8773-1CABE89F908C}.Debug|Any CPU.Build.0 = Debug|Any CPU
		{DE10BC32-183F-4E9E-8773-1CABE89F908C}.Release|Any CPU.ActiveCfg = Release|Any CPU
		{DE10BC32-183F-4E9E-8773-1CABE89F908C}.Release|Any CPU.Build.0 = Release|Any CPU
		{8BA24219-23CF-4002-8BC7-40E7CA4D0920}.Debug|Any CPU.ActiveCfg = Debug|Any CPU
		{8BA24219-23CF-4002-8BC7-40E7CA4D0920}.Debug|Any CPU.Build.0 = Debug|Any CPU
		{8BA24219-23CF-4002-8BC7-40E7CA4D0920}.Release|Any CPU.ActiveCfg = Release|Any CPU
		{8BA24219-23CF-4002-8BC7-40E7CA4D0920}.Release|Any CPU.Build.0 = Release|Any CPU
		{9ABB89E6-FBD5-4F04-8841-F2B7F7178B37}.Debug|Any CPU.ActiveCfg = Debug|Any CPU
		{9ABB89E6-FBD5-4F04-8841-F2B7F7178B37}.Debug|Any CPU.Build.0 = Debug|Any CPU
		{9ABB89E6-FBD5-4F04-8841-F2B7F7178B37}.Release|Any CPU.ActiveCfg = Release|Any CPU
		{9ABB89E6-FBD5-4F04-8841-F2B7F7178B37}.Release|Any CPU.Build.0 = Release|Any CPU
		{E87428AC-BC16-4907-978B-0349627BE105}.Debug|Any CPU.ActiveCfg = Debug|Any CPU
		{E87428AC-BC16-4907-978B-0349627BE105}.Debug|Any CPU.Build.0 = Debug|Any CPU
		{E87428AC-BC16-4907-978B-0349627BE105}.Release|Any CPU.ActiveCfg = Release|Any CPU
		{E87428AC-BC16-4907-978B-0349627BE105}.Release|Any CPU.Build.0 = Release|Any CPU
		{2E94D07B-BD8D-4179-87BB-7BB806FEDF7F}.Debug|Any CPU.ActiveCfg = Debug|Any CPU
		{2E94D07B-BD8D-4179-87BB-7BB806FEDF7F}.Debug|Any CPU.Build.0 = Debug|Any CPU
		{2E94D07B-BD8D-4179-87BB-7BB806FEDF7F}.Release|Any CPU.ActiveCfg = Release|Any CPU
		{2E94D07B-BD8D-4179-87BB-7BB806FEDF7F}.Release|Any CPU.Build.0 = Release|Any CPU
		{B428F4CA-B02E-4B8B-97B9-BFF3AF845027}.Debug|Any CPU.ActiveCfg = Debug|Any CPU
		{B428F4CA-B02E-4B8B-97B9-BFF3AF845027}.Debug|Any CPU.Build.0 = Debug|Any CPU
		{B428F4CA-B02E-4B8B-97B9-BFF3AF845027}.Release|Any CPU.ActiveCfg = Release|Any CPU
		{B428F4CA-B02E-4B8B-97B9-BFF3AF845027}.Release|Any CPU.Build.0 = Release|Any CPU
		{F831D675-0481-464D-A1BA-E57519E9B640}.Debug|Any CPU.ActiveCfg = Debug|Any CPU
		{F831D675-0481-464D-A1BA-E57519E9B640}.Debug|Any CPU.Build.0 = Debug|Any CPU
		{F831D675-0481-464D-A1BA-E57519E9B640}.Release|Any CPU.ActiveCfg = Release|Any CPU
		{F831D675-0481-464D-A1BA-E57519E9B640}.Release|Any CPU.Build.0 = Release|Any CPU
	EndGlobalSection
	GlobalSection(SolutionProperties) = preSolution
		HideSolutionNode = FALSE
	EndGlobalSection
	GlobalSection(ExtensibilityGlobals) = postSolution
		SolutionGuid = {C43312F6-74E2-4CDF-8AA2-F9D8018E7624}
	EndGlobalSection
EndGlobal
